
Microsoft Visual Studio Solution File, Format Version 12.00
# Visual Studio 15
VisualStudioVersion = 15.0.28307.168
MinimumVisualStudioVersion = 10.0.40219.1
Project("{9A19103F-16F7-4668-BE54-9A1E7A4F7556}") = "Todo", "Todo.csproj", "{D41C5B87-551D-4E81-A833-22DF15BFDB0D}"
EndProject
Global
	GlobalSection(SolutionConfigurationPlatforms) = preSolution
		Debug|Any CPU = Debug|Any CPU
		Release|Any CPU = Release|Any CPU
	EndGlobalSection
	GlobalSection(ProjectConfigurationPlatforms) = postSolution
		{D41C5B87-551D-4E81-A833-22DF15BFDB0D}.Debug|Any CPU.ActiveCfg = Debug|Any CPU
		{D41C5B87-551D-4E81-A833-22DF15BFDB0D}.Debug|Any CPU.Build.0 = Debug|Any CPU
		{D41C5B87-551D-4E81-A833-22DF15BFDB0D}.Release|Any CPU.ActiveCfg = Release|Any CPU
		{D41C5B87-551D-4E81-A833-22DF15BFDB0D}.Release|Any CPU.Build.0 = Release|Any CPU
	EndGlobalSection
	GlobalSection(SolutionProperties) = preSolution
		HideSolutionNode = FALSE
	EndGlobalSection
	GlobalSection(ExtensibilityGlobals) = postSolution
		SolutionGuid = {DF205566-8E09-4CA4-8CDA-D243BF576754}
	EndGlobalSection
EndGlobal
